
Microsoft Visual Studio Solution File, Format Version 12.00
# Visual Studio 15
VisualStudioVersion = 15.0.27703.2018
MinimumVisualStudioVersion = 10.0.40219.1
Project("{FAE04EC0-301F-11D3-BF4B-00C04F79EFBC}") = "EmotionDemo", "EmotionDemo\EmotionDemo.csproj", "{3FE377A2-88AF-443D-9249-42A9E9CA312B}"
EndProject
Global
	GlobalSection(SolutionConfigurationPlatforms) = preSolution
		Debug|Any CPU = Debug|Any CPU
		Release|Any CPU = Release|Any CPU
	EndGlobalSection
	GlobalSection(ProjectConfigurationPlatforms) = postSolution
		{3FE377A2-88AF-443D-9249-42A9E9CA312B}.Debug|Any CPU.ActiveCfg = Debug|Any CPU
		{3FE377A2-88AF-443D-9249-42A9E9CA312B}.Debug|Any CPU.Build.0 = Debug|Any CPU
		{3FE377A2-88AF-443D-9249-42A9E9CA312B}.Release|Any CPU.ActiveCfg = Release|Any CPU
		{3FE377A2-88AF-443D-9249-42A9E9CA312B}.Release|Any CPU.Build.0 = Release|Any CPU
	EndGlobalSection
	GlobalSection(SolutionProperties) = preSolution
		HideSolutionNode = FALSE
	EndGlobalSection
	GlobalSection(ExtensibilityGlobals) = postSolution
		SolutionGuid = {EE4D35FB-BE56-4D3A-9406-5C2628EEEF58}
	EndGlobalSection
EndGlobal
